
Microsoft Visual Studio Solution File, Format Version 12.00
# Visual Studio Version 16
VisualStudioVersion = 16.0.30804.86
MinimumVisualStudioVersion = 10.0.40219.1
Project("{FAE04EC0-301F-11D3-BF4B-00C04F79EFBC}") = "ConditionStatements", "ConditionStatements\ConditionStatements.csproj", "{5DD4D0C4-C6D5-4E6B-88D1-BF83F1EA1634}"
EndProject
Global
	GlobalSection(SolutionConfigurationPlatforms) = preSolution
		Debug|Any CPU = Debug|Any CPU
		Release|Any CPU = Release|Any CPU
	EndGlobalSection
	GlobalSection(ProjectConfigurationPlatforms) = postSolution
		{5DD4D0C4-C6D5-4E6B-88D1-BF83F1EA1634}.Debug|Any CPU.ActiveCfg = Debug|Any CPU
		{5DD4D0C4-C6D5-4E6B-88D1-BF83F1EA1634}.Debug|Any CPU.Build.0 = Debug|Any CPU
		{5DD4D0C4-C6D5-4E6B-88D1-BF83F1EA1634}.Release|Any CPU.ActiveCfg = Release|Any CPU
		{5DD4D0C4-C6D5-4E6B-88D1-BF83F1EA1634}.Release|Any CPU.Build.0 = Release|Any CPU
	EndGlobalSection
	GlobalSection(SolutionProperties) = preSolution
		HideSolutionNode = FALSE
	EndGlobalSection
	GlobalSection(ExtensibilityGlobals) = postSolution
		SolutionGuid = {53044A05-CCA8-4F32-8C29-1B8544F2696A}
	EndGlobalSection
EndGlobal
