
Microsoft Visual Studio Solution File, Format Version 12.00
# Visual Studio Version 16
VisualStudioVersion = 16.0.30804.86
MinimumVisualStudioVersion = 10.0.40219.1
Project("{FAE04EC0-301F-11D3-BF4B-00C04F79EFBC}") = "ArithmeticProblems", "ArithmeticProblems\ArithmeticProblems.csproj", "{986A3400-AC14-4FB3-8C7A-C9B336A2C0A2}"
EndProject
Global
	GlobalSection(SolutionConfigurationPlatforms) = preSolution
		Debug|Any CPU = Debug|Any CPU
		Release|Any CPU = Release|Any CPU
	EndGlobalSection
	GlobalSection(ProjectConfigurationPlatforms) = postSolution
		{986A3400-AC14-4FB3-8C7A-C9B336A2C0A2}.Debug|Any CPU.ActiveCfg = Debug|Any CPU
		{986A3400-AC14-4FB3-8C7A-C9B336A2C0A2}.Debug|Any CPU.Build.0 = Debug|Any CPU
		{986A3400-AC14-4FB3-8C7A-C9B336A2C0A2}.Release|Any CPU.ActiveCfg = Release|Any CPU
		{986A3400-AC14-4FB3-8C7A-C9B336A2C0A2}.Release|Any CPU.Build.0 = Release|Any CPU
	EndGlobalSection
	GlobalSection(SolutionProperties) = preSolution
		HideSolutionNode = FALSE
	EndGlobalSection
	GlobalSection(ExtensibilityGlobals) = postSolution
		SolutionGuid = {7E535E17-0F4E-402E-898F-4D6DB4DA4AD6}
	EndGlobalSection
EndGlobal
