
Microsoft Visual Studio Solution File, Format Version 12.00
# Visual Studio Version 16
VisualStudioVersion = 16.0.30804.86
MinimumVisualStudioVersion = 10.0.40219.1
Project("{FAE04EC0-301F-11D3-BF4B-00C04F79EFBC}") = "DecisionMakingProblems1", "DecisionMakingProblems1\DecisionMakingProblems1.csproj", "{355DD18D-D9BF-4433-93BC-F30382313C30}"
EndProject
Global
	GlobalSection(SolutionConfigurationPlatforms) = preSolution
		Debug|Any CPU = Debug|Any CPU
		Release|Any CPU = Release|Any CPU
	EndGlobalSection
	GlobalSection(ProjectConfigurationPlatforms) = postSolution
		{355DD18D-D9BF-4433-93BC-F30382313C30}.Debug|Any CPU.ActiveCfg = Debug|Any CPU
		{355DD18D-D9BF-4433-93BC-F30382313C30}.Debug|Any CPU.Build.0 = Debug|Any CPU
		{355DD18D-D9BF-4433-93BC-F30382313C30}.Release|Any CPU.ActiveCfg = Release|Any CPU
		{355DD18D-D9BF-4433-93BC-F30382313C30}.Release|Any CPU.Build.0 = Release|Any CPU
	EndGlobalSection
	GlobalSection(SolutionProperties) = preSolution
		HideSolutionNode = FALSE
	EndGlobalSection
	GlobalSection(ExtensibilityGlobals) = postSolution
		SolutionGuid = {06B7C347-4898-4FDF-8A3C-B68EBB5724D5}
	EndGlobalSection
EndGlobal
